
Microsoft Visual Studio Solution File, Format Version 12.00
# Visual Studio 14
VisualStudioVersion = 14.0.25420.1
MinimumVisualStudioVersion = 10.0.40219.1
Project("{FAE04EC0-301F-11D3-BF4B-00C04F79EFBC}") = "MVCWeb.Model", "MVCWeb.Model\MVCWeb.Model.csproj", "{1CE27733-DA2F-48A4-82BB-5AD48E0B1E80}"
EndProject
Project("{FAE04EC0-301F-11D3-BF4B-00C04F79EFBC}") = "MVCWeb.DataSvc", "MVCWeb.DataSvc\MVCWeb.DataSvc.csproj", "{1CB9E757-02A2-40E2-B4D0-F773477B8C0C}"
EndProject
Project("{FAE04EC0-301F-11D3-BF4B-00C04F79EFBC}") = "MVCWeb", "MVCWeb\MVCWeb.csproj", "{A5A64625-DD9D-433F-B6C0-031B44D00D4B}"
EndProject
Project("{FAE04EC0-301F-11D3-BF4B-00C04F79EFBC}") = "MVCWeb.Redis", "MVCWeb.Redis\MVCWeb.Redis.csproj", "{C47E1111-2D11-4797-AE43-6E8F80C301CA}"
EndProject
Global
	GlobalSection(SolutionConfigurationPlatforms) = preSolution
		Debug|Any CPU = Debug|Any CPU
		Release|Any CPU = Release|Any CPU
	EndGlobalSection
	GlobalSection(ProjectConfigurationPlatforms) = postSolution
		{1CE27733-DA2F-48A4-82BB-5AD48E0B1E80}.Debug|Any CPU.ActiveCfg = Debug|Any CPU
		{1CE27733-DA2F-48A4-82BB-5AD48E0B1E80}.Debug|Any CPU.Build.0 = Debug|Any CPU
		{1CE27733-DA2F-48A4-82BB-5AD48E0B1E80}.Release|Any CPU.ActiveCfg = Release|Any CPU
		{1CE27733-DA2F-48A4-82BB-5AD48E0B1E80}.Release|Any CPU.Build.0 = Release|Any CPU
		{1CB9E757-02A2-40E2-B4D0-F773477B8C0C}.Debug|Any CPU.ActiveCfg = Debug|Any CPU
		{1CB9E757-02A2-40E2-B4D0-F773477B8C0C}.Debug|Any CPU.Build.0 = Debug|Any CPU
		{1CB9E757-02A2-40E2-B4D0-F773477B8C0C}.Release|Any CPU.ActiveCfg = Release|Any CPU
		{1CB9E757-02A2-40E2-B4D0-F773477B8C0C}.Release|Any CPU.Build.0 = Release|Any CPU
		{A5A64625-DD9D-433F-B6C0-031B44D00D4B}.Debug|Any CPU.ActiveCfg = Debug|Any CPU
		{A5A64625-DD9D-433F-B6C0-031B44D00D4B}.Debug|Any CPU.Build.0 = Debug|Any CPU
		{A5A64625-DD9D-433F-B6C0-031B44D00D4B}.Release|Any CPU.ActiveCfg = Release|Any CPU
		{A5A64625-DD9D-433F-B6C0-031B44D00D4B}.Release|Any CPU.Build.0 = Release|Any CPU
		{C47E1111-2D11-4797-AE43-6E8F80C301CA}.Debug|Any CPU.ActiveCfg = Debug|Any CPU
		{C47E1111-2D11-4797-AE43-6E8F80C301CA}.Debug|Any CPU.Build.0 = Debug|Any CPU
		{C47E1111-2D11-4797-AE43-6E8F80C301CA}.Release|Any CPU.ActiveCfg = Release|Any CPU
		{C47E1111-2D11-4797-AE43-6E8F80C301CA}.Release|Any CPU.Build.0 = Release|Any CPU
	EndGlobalSection
	GlobalSection(SolutionProperties) = preSolution
		HideSolutionNode = FALSE
	EndGlobalSection
EndGlobal
